
Microsoft Visual Studio Solution File, Format Version 12.00
# Visual Studio Version 17
VisualStudioVersion = 17.10.35013.160
MinimumVisualStudioVersion = 10.0.40219.1
Project("{F184B08F-C81C-45F6-A57F-5ABD9991F28F}") = "Correios", "Correios.vbproj", "{3B54B352-6508-4B05-B468-1165C350063D}"
EndProject
Global
	GlobalSection(SolutionConfigurationPlatforms) = preSolution
		Debug|Any CPU = Debug|Any CPU
		Release|Any CPU = Release|Any CPU
	EndGlobalSection
	GlobalSection(ProjectConfigurationPlatforms) = postSolution
		{3B54B352-6508-4B05-B468-1165C350063D}.Debug|Any CPU.ActiveCfg = Debug|Any CPU
		{3B54B352-6508-4B05-B468-1165C350063D}.Debug|Any CPU.Build.0 = Debug|Any CPU
		{3B54B352-6508-4B05-B468-1165C350063D}.Release|Any CPU.ActiveCfg = Release|Any CPU
		{3B54B352-6508-4B05-B468-1165C350063D}.Release|Any CPU.Build.0 = Release|Any CPU
	EndGlobalSection
	GlobalSection(SolutionProperties) = preSolution
		HideSolutionNode = FALSE
	EndGlobalSection
	GlobalSection(ExtensibilityGlobals) = postSolution
		SolutionGuid = {1A00F1CC-F882-4404-A77B-C3FC74082800}
	EndGlobalSection
EndGlobal
